
Microsoft Visual Studio Solution File, Format Version 12.00
# Visual Studio Version 16
VisualStudioVersion = 16.0.31321.278
MinimumVisualStudioVersion = 10.0.40219.1
Project("{FAE04EC0-301F-11D3-BF4B-00C04F79EFBC}") = "SampleEx602", "SampleEx602\SampleEx602.csproj", "{7E9C39F1-467D-43C0-B2AB-0BC4D7B02E39}"
EndProject
Global
	GlobalSection(SolutionConfigurationPlatforms) = preSolution
		Debug|Any CPU = Debug|Any CPU
		Release|Any CPU = Release|Any CPU
	EndGlobalSection
	GlobalSection(ProjectConfigurationPlatforms) = postSolution
		{7E9C39F1-467D-43C0-B2AB-0BC4D7B02E39}.Debug|Any CPU.ActiveCfg = Debug|Any CPU
		{7E9C39F1-467D-43C0-B2AB-0BC4D7B02E39}.Debug|Any CPU.Build.0 = Debug|Any CPU
		{7E9C39F1-467D-43C0-B2AB-0BC4D7B02E39}.Release|Any CPU.ActiveCfg = Release|Any CPU
		{7E9C39F1-467D-43C0-B2AB-0BC4D7B02E39}.Release|Any CPU.Build.0 = Release|Any CPU
	EndGlobalSection
	GlobalSection(SolutionProperties) = preSolution
		HideSolutionNode = FALSE
	EndGlobalSection
	GlobalSection(ExtensibilityGlobals) = postSolution
		SolutionGuid = {DD31F534-8EC1-437B-8CA8-9FE5322D3CFB}
	EndGlobalSection
EndGlobal
