
Microsoft Visual Studio Solution File, Format Version 12.00
# Visual Studio Version 16
VisualStudioVersion = 16.0.31321.278
MinimumVisualStudioVersion = 10.0.40219.1
Project("{FAE04EC0-301F-11D3-BF4B-00C04F79EFBC}") = "Sample102", "Sample102\Sample102.csproj", "{4B0CD8A7-5F27-4648-94AA-6F285110774B}"
EndProject
Global
	GlobalSection(SolutionConfigurationPlatforms) = preSolution
		Debug|Any CPU = Debug|Any CPU
		Release|Any CPU = Release|Any CPU
	EndGlobalSection
	GlobalSection(ProjectConfigurationPlatforms) = postSolution
		{4B0CD8A7-5F27-4648-94AA-6F285110774B}.Debug|Any CPU.ActiveCfg = Debug|Any CPU
		{4B0CD8A7-5F27-4648-94AA-6F285110774B}.Debug|Any CPU.Build.0 = Debug|Any CPU
		{4B0CD8A7-5F27-4648-94AA-6F285110774B}.Release|Any CPU.ActiveCfg = Release|Any CPU
		{4B0CD8A7-5F27-4648-94AA-6F285110774B}.Release|Any CPU.Build.0 = Release|Any CPU
	EndGlobalSection
	GlobalSection(SolutionProperties) = preSolution
		HideSolutionNode = FALSE
	EndGlobalSection
	GlobalSection(ExtensibilityGlobals) = postSolution
		SolutionGuid = {5A02D43A-F3EA-402E-AF44-B63A41D65AA7}
	EndGlobalSection
EndGlobal
