
Microsoft Visual Studio Solution File, Format Version 12.00
# Visual Studio Version 16
VisualStudioVersion = 16.0.31321.278
MinimumVisualStudioVersion = 10.0.40219.1
Project("{FAE04EC0-301F-11D3-BF4B-00C04F79EFBC}") = "Sample503", "Sample503\Sample503.csproj", "{F1B12DAF-1903-47B7-9F7D-17C4C83D6584}"
EndProject
Global
	GlobalSection(SolutionConfigurationPlatforms) = preSolution
		Debug|Any CPU = Debug|Any CPU
		Release|Any CPU = Release|Any CPU
	EndGlobalSection
	GlobalSection(ProjectConfigurationPlatforms) = postSolution
		{F1B12DAF-1903-47B7-9F7D-17C4C83D6584}.Debug|Any CPU.ActiveCfg = Debug|Any CPU
		{F1B12DAF-1903-47B7-9F7D-17C4C83D6584}.Debug|Any CPU.Build.0 = Debug|Any CPU
		{F1B12DAF-1903-47B7-9F7D-17C4C83D6584}.Release|Any CPU.ActiveCfg = Release|Any CPU
		{F1B12DAF-1903-47B7-9F7D-17C4C83D6584}.Release|Any CPU.Build.0 = Release|Any CPU
	EndGlobalSection
	GlobalSection(SolutionProperties) = preSolution
		HideSolutionNode = FALSE
	EndGlobalSection
	GlobalSection(ExtensibilityGlobals) = postSolution
		SolutionGuid = {8DCB36CA-62CC-4704-AAA8-071E6DCC3124}
	EndGlobalSection
EndGlobal
