
Microsoft Visual Studio Solution File, Format Version 12.00
# Visual Studio Version 16
VisualStudioVersion = 16.0.31321.278
MinimumVisualStudioVersion = 10.0.40219.1
Project("{FAE04EC0-301F-11D3-BF4B-00C04F79EFBC}") = "SampleEx701", "SampleEx701\SampleEx701.csproj", "{D96AE4D2-3535-4063-A199-0CF9109BC81C}"
EndProject
Global
	GlobalSection(SolutionConfigurationPlatforms) = preSolution
		Debug|Any CPU = Debug|Any CPU
		Release|Any CPU = Release|Any CPU
	EndGlobalSection
	GlobalSection(ProjectConfigurationPlatforms) = postSolution
		{D96AE4D2-3535-4063-A199-0CF9109BC81C}.Debug|Any CPU.ActiveCfg = Debug|Any CPU
		{D96AE4D2-3535-4063-A199-0CF9109BC81C}.Debug|Any CPU.Build.0 = Debug|Any CPU
		{D96AE4D2-3535-4063-A199-0CF9109BC81C}.Release|Any CPU.ActiveCfg = Release|Any CPU
		{D96AE4D2-3535-4063-A199-0CF9109BC81C}.Release|Any CPU.Build.0 = Release|Any CPU
	EndGlobalSection
	GlobalSection(SolutionProperties) = preSolution
		HideSolutionNode = FALSE
	EndGlobalSection
	GlobalSection(ExtensibilityGlobals) = postSolution
		SolutionGuid = {24551C0F-5711-46BE-8BDA-118D984AC7FF}
	EndGlobalSection
EndGlobal
