
Microsoft Visual Studio Solution File, Format Version 12.00
# Visual Studio Version 16
VisualStudioVersion = 16.0.31321.278
MinimumVisualStudioVersion = 10.0.40219.1
Project("{FAE04EC0-301F-11D3-BF4B-00C04F79EFBC}") = "Sample301", "Sample301\Sample301.csproj", "{B967B3FA-4DC3-4B7D-AE67-0A2F238E9420}"
EndProject
Global
	GlobalSection(SolutionConfigurationPlatforms) = preSolution
		Debug|Any CPU = Debug|Any CPU
		Release|Any CPU = Release|Any CPU
	EndGlobalSection
	GlobalSection(ProjectConfigurationPlatforms) = postSolution
		{B967B3FA-4DC3-4B7D-AE67-0A2F238E9420}.Debug|Any CPU.ActiveCfg = Debug|Any CPU
		{B967B3FA-4DC3-4B7D-AE67-0A2F238E9420}.Debug|Any CPU.Build.0 = Debug|Any CPU
		{B967B3FA-4DC3-4B7D-AE67-0A2F238E9420}.Release|Any CPU.ActiveCfg = Release|Any CPU
		{B967B3FA-4DC3-4B7D-AE67-0A2F238E9420}.Release|Any CPU.Build.0 = Release|Any CPU
	EndGlobalSection
	GlobalSection(SolutionProperties) = preSolution
		HideSolutionNode = FALSE
	EndGlobalSection
	GlobalSection(ExtensibilityGlobals) = postSolution
		SolutionGuid = {7D5C017F-A7F7-4746-B548-3F1E57F5C1C2}
	EndGlobalSection
EndGlobal
