
Microsoft Visual Studio Solution File, Format Version 12.00
# Visual Studio Version 16
VisualStudioVersion = 16.0.31321.278
MinimumVisualStudioVersion = 10.0.40219.1
Project("{FAE04EC0-301F-11D3-BF4B-00C04F79EFBC}") = "Sample404", "Sample404\Sample404.csproj", "{7A4BB7FC-5BE1-4B0B-A177-F27FF80A83DE}"
EndProject
Global
	GlobalSection(SolutionConfigurationPlatforms) = preSolution
		Debug|Any CPU = Debug|Any CPU
		Release|Any CPU = Release|Any CPU
	EndGlobalSection
	GlobalSection(ProjectConfigurationPlatforms) = postSolution
		{7A4BB7FC-5BE1-4B0B-A177-F27FF80A83DE}.Debug|Any CPU.ActiveCfg = Debug|Any CPU
		{7A4BB7FC-5BE1-4B0B-A177-F27FF80A83DE}.Debug|Any CPU.Build.0 = Debug|Any CPU
		{7A4BB7FC-5BE1-4B0B-A177-F27FF80A83DE}.Release|Any CPU.ActiveCfg = Release|Any CPU
		{7A4BB7FC-5BE1-4B0B-A177-F27FF80A83DE}.Release|Any CPU.Build.0 = Release|Any CPU
	EndGlobalSection
	GlobalSection(SolutionProperties) = preSolution
		HideSolutionNode = FALSE
	EndGlobalSection
	GlobalSection(ExtensibilityGlobals) = postSolution
		SolutionGuid = {74DCE5E6-9DC5-49A6-8FDE-E30BA8C0A702}
	EndGlobalSection
EndGlobal
