
Microsoft Visual Studio Solution File, Format Version 12.00
# Visual Studio Version 16
VisualStudioVersion = 16.0.31321.278
MinimumVisualStudioVersion = 10.0.40219.1
Project("{FAE04EC0-301F-11D3-BF4B-00C04F79EFBC}") = "SampleEx103", "SampleEx103\SampleEx103.csproj", "{1B309686-3B6A-4368-B111-32EA7FD899E8}"
EndProject
Global
	GlobalSection(SolutionConfigurationPlatforms) = preSolution
		Debug|Any CPU = Debug|Any CPU
		Release|Any CPU = Release|Any CPU
	EndGlobalSection
	GlobalSection(ProjectConfigurationPlatforms) = postSolution
		{1B309686-3B6A-4368-B111-32EA7FD899E8}.Debug|Any CPU.ActiveCfg = Debug|Any CPU
		{1B309686-3B6A-4368-B111-32EA7FD899E8}.Debug|Any CPU.Build.0 = Debug|Any CPU
		{1B309686-3B6A-4368-B111-32EA7FD899E8}.Release|Any CPU.ActiveCfg = Release|Any CPU
		{1B309686-3B6A-4368-B111-32EA7FD899E8}.Release|Any CPU.Build.0 = Release|Any CPU
	EndGlobalSection
	GlobalSection(SolutionProperties) = preSolution
		HideSolutionNode = FALSE
	EndGlobalSection
	GlobalSection(ExtensibilityGlobals) = postSolution
		SolutionGuid = {3213C171-4925-4F56-B764-9B3E90B8F3EE}
	EndGlobalSection
EndGlobal
