
Microsoft Visual Studio Solution File, Format Version 12.00
# Visual Studio Version 16
VisualStudioVersion = 16.0.31321.278
MinimumVisualStudioVersion = 10.0.40219.1
Project("{FAE04EC0-301F-11D3-BF4B-00C04F79EFBC}") = "SampleEx603", "SampleEx603\SampleEx603.csproj", "{B9714B43-8D2C-4D68-B8F2-80E494FED5B9}"
EndProject
Global
	GlobalSection(SolutionConfigurationPlatforms) = preSolution
		Debug|Any CPU = Debug|Any CPU
		Release|Any CPU = Release|Any CPU
	EndGlobalSection
	GlobalSection(ProjectConfigurationPlatforms) = postSolution
		{B9714B43-8D2C-4D68-B8F2-80E494FED5B9}.Debug|Any CPU.ActiveCfg = Debug|Any CPU
		{B9714B43-8D2C-4D68-B8F2-80E494FED5B9}.Debug|Any CPU.Build.0 = Debug|Any CPU
		{B9714B43-8D2C-4D68-B8F2-80E494FED5B9}.Release|Any CPU.ActiveCfg = Release|Any CPU
		{B9714B43-8D2C-4D68-B8F2-80E494FED5B9}.Release|Any CPU.Build.0 = Release|Any CPU
	EndGlobalSection
	GlobalSection(SolutionProperties) = preSolution
		HideSolutionNode = FALSE
	EndGlobalSection
	GlobalSection(ExtensibilityGlobals) = postSolution
		SolutionGuid = {2C4D55AB-6450-4810-A862-D02F890439F5}
	EndGlobalSection
EndGlobal
