
Microsoft Visual Studio Solution File, Format Version 12.00
# Visual Studio Version 16
VisualStudioVersion = 16.0.31321.278
MinimumVisualStudioVersion = 10.0.40219.1
Project("{FAE04EC0-301F-11D3-BF4B-00C04F79EFBC}") = "ExerciseEx202", "ExerciseEx202\ExerciseEx202.csproj", "{AD17686B-6F79-41E6-9C8A-60DDE8E2698A}"
EndProject
Global
	GlobalSection(SolutionConfigurationPlatforms) = preSolution
		Debug|Any CPU = Debug|Any CPU
		Release|Any CPU = Release|Any CPU
	EndGlobalSection
	GlobalSection(ProjectConfigurationPlatforms) = postSolution
		{AD17686B-6F79-41E6-9C8A-60DDE8E2698A}.Debug|Any CPU.ActiveCfg = Debug|Any CPU
		{AD17686B-6F79-41E6-9C8A-60DDE8E2698A}.Debug|Any CPU.Build.0 = Debug|Any CPU
		{AD17686B-6F79-41E6-9C8A-60DDE8E2698A}.Release|Any CPU.ActiveCfg = Release|Any CPU
		{AD17686B-6F79-41E6-9C8A-60DDE8E2698A}.Release|Any CPU.Build.0 = Release|Any CPU
	EndGlobalSection
	GlobalSection(SolutionProperties) = preSolution
		HideSolutionNode = FALSE
	EndGlobalSection
	GlobalSection(ExtensibilityGlobals) = postSolution
		SolutionGuid = {E52A3F9F-FA34-4A84-A98F-134B58554E18}
	EndGlobalSection
EndGlobal
