
Microsoft Visual Studio Solution File, Format Version 12.00
# Visual Studio Version 16
VisualStudioVersion = 16.0.31321.278
MinimumVisualStudioVersion = 10.0.40219.1
Project("{FAE04EC0-301F-11D3-BF4B-00C04F79EFBC}") = "SampleEx601", "SampleEx601\SampleEx601.csproj", "{836A863F-0CFD-40E4-A557-E859D1315694}"
EndProject
Global
	GlobalSection(SolutionConfigurationPlatforms) = preSolution
		Debug|Any CPU = Debug|Any CPU
		Release|Any CPU = Release|Any CPU
	EndGlobalSection
	GlobalSection(ProjectConfigurationPlatforms) = postSolution
		{836A863F-0CFD-40E4-A557-E859D1315694}.Debug|Any CPU.ActiveCfg = Debug|Any CPU
		{836A863F-0CFD-40E4-A557-E859D1315694}.Debug|Any CPU.Build.0 = Debug|Any CPU
		{836A863F-0CFD-40E4-A557-E859D1315694}.Release|Any CPU.ActiveCfg = Release|Any CPU
		{836A863F-0CFD-40E4-A557-E859D1315694}.Release|Any CPU.Build.0 = Release|Any CPU
	EndGlobalSection
	GlobalSection(SolutionProperties) = preSolution
		HideSolutionNode = FALSE
	EndGlobalSection
	GlobalSection(ExtensibilityGlobals) = postSolution
		SolutionGuid = {32B15E1D-3D0C-4A97-BF52-3E81845060F9}
	EndGlobalSection
EndGlobal
