
Microsoft Visual Studio Solution File, Format Version 12.00
# Visual Studio Version 16
VisualStudioVersion = 16.0.31321.278
MinimumVisualStudioVersion = 10.0.40219.1
Project("{FAE04EC0-301F-11D3-BF4B-00C04F79EFBC}") = "SampleEx303", "SampleEx303\SampleEx303.csproj", "{6F915D0D-6EEC-4BEA-B162-58B260D795DE}"
EndProject
Global
	GlobalSection(SolutionConfigurationPlatforms) = preSolution
		Debug|Any CPU = Debug|Any CPU
		Release|Any CPU = Release|Any CPU
	EndGlobalSection
	GlobalSection(ProjectConfigurationPlatforms) = postSolution
		{6F915D0D-6EEC-4BEA-B162-58B260D795DE}.Debug|Any CPU.ActiveCfg = Debug|Any CPU
		{6F915D0D-6EEC-4BEA-B162-58B260D795DE}.Debug|Any CPU.Build.0 = Debug|Any CPU
		{6F915D0D-6EEC-4BEA-B162-58B260D795DE}.Release|Any CPU.ActiveCfg = Release|Any CPU
		{6F915D0D-6EEC-4BEA-B162-58B260D795DE}.Release|Any CPU.Build.0 = Release|Any CPU
	EndGlobalSection
	GlobalSection(SolutionProperties) = preSolution
		HideSolutionNode = FALSE
	EndGlobalSection
	GlobalSection(ExtensibilityGlobals) = postSolution
		SolutionGuid = {6E77B093-832C-46D8-ACAD-15F8980D3321}
	EndGlobalSection
EndGlobal
